github.com/NicoNex/echotron/v3 v3.30.0 h1:5D+hGMjLIjSvqZ6AllHoUzRCVOL5K/HaIzByYwDXRIE=
github.com/NicoNex/echotron/v3 v3.30.0/go.mod h1:LpP5IyHw0y+DZUZMBgXEDAF9O8feXrQu7w7nlJzzoZI=
github.com/gorilla/mux v1.8.0 h1:i40aqfkR1h2SlN9hojwV5ZA91wcXFOvkdNIeFDP5koI=
github.com/gorilla/mux v1.8.0/go.mod h1:DVbg23sWSpFRCP0SfiEN6jmj59UnW/n46BH5rLB71So=
github.com/mattn/go-sqlite3 v1.14.22 h1:2gZY6PC6kBnID23Tichd1K+Z0oS6nE/XwU+Vz/5o4kU=
github.com/mattn/go-sqlite3 v1.14.22/go.mod h1:Uh1q+B4BYcTPb+yiD3kU8Ct7aC0hY9fxUwlHK0RXw+Y=
